package_commit=23c0d994ae371eefef2d6c9f3f111d4ede92e8e1
upstream_commit=8af6897c0afc63037a8a3efee4162a380e3a4572
combined_archive_sha256=08f789464f3233b797c82b030bb2926dd489231265a38a1565baa453985cec77
linux_upstream_commit=8af6897c0afc63037a8a3efee4162a380e3a4572
linux_vt_archive_sha256=197f6c684acf864b93a62acf60d37f05614b3fdbb39f7bd93512e5168325e8d1
