package_commit=f276fe35a82c6083d1a6c550f3cdb5b84ab0ef98
upstream_commit=9bbb9b24680358c939846b79a519ce10f7638d1f
combined_archive_sha256=02ffc5130500c414feb28bdd245c51915ce0f115d83da0c951bd97d8b517501b
linux_upstream_commit=9bbb9b24680358c939846b79a519ce10f7638d1f
linux_vt_archive_sha256=2cc980d6e0f90cc215756ec99ae343b13e9677e4c7fe43881bf406ddbb2b710d
