package_commit=b68a2cefe7f604a3035065a09f39cbbeed4aeef3
upstream_commit=9bbb9b24680358c939846b79a519ce10f7638d1f
combined_archive_sha256=6a4f1f0f555165eba37d80726dfad7fe47b7baddaf4af2439b146ab811aa0143
linux_upstream_commit=9bbb9b24680358c939846b79a519ce10f7638d1f
linux_vt_archive_sha256=d531a52eb6960771e07878bd6995a1ae2f6879efe4b9a3212d35808b03f90027
