{
  "version": 2,
  "dependencies": {
    "net10.0": {
      "Meziantou.Analyzer": {
        "type": "Direct",
        "requested": "[3.0.177, )",
        "resolved": "3.0.177",
        "contentHash": "Un9RDShcg4kaNiQtNJvNaRQU5ogcFCB6YLSL2TLx49hmLSU+vd6YixciWxWmoKIOdGvPV27dqHHFIBm8qd5U1Q=="
      }
    }
  }
}